<Solution>
  <Folder Name="/Docker/">
    <File Path="docker-compose.yml" />
  </Folder>
  <Folder Name="/k8s/">
    <File Path="k8s/configmap.yaml" />
    <File Path="k8s/deployment.yaml" />
    <File Path="k8s/secret.yaml" />
    <File Path="k8s/service.yaml" />
  </Folder>
  <Folder Name="/src/">
    <Project Path="src/NotificationApi/NotificationApi.csproj" />
  </Folder>
</Solution>
